// !$*UTF8*$!
{
	archiveVersion = 1;
	classes = {
	};
	objectVersion = 46;
	objects = {

/* Begin PBXBuildFile section */
		471B875E19697F7A0010A55F /* AppDelegate.swift in Sources */ = {isa = PBXBuildFile; fileRef = 471B875D19697F7A0010A55F /* AppDelegate.swift */; };
		471B876019697F7A0010A55F /* ViewController.swift in Sources */ = {isa = PBXBuildFile; fileRef = 471B875F19697F7A0010A55F /* ViewController.swift */; };
		471B876319697F7A0010A55F /* Main.storyboard in Resources */ = {isa = PBXBuildFile; fileRef = 471B876119697F7A0010A55F /* Main.storyboard */; };
		471B876519697F7A0010A55F /* Images.xcassets in Resources */ = {isa = PBXBuildFile; fileRef = 471B876419697F7A0010A55F /* Images.xcassets */; };
		471B877119697F7A0010A55F /* FirstGitProjTests.swift in Sources */ = {isa = PBXBuildFile; fileRef = 471B877019697F7A0010A55F /* FirstGitProjTests.swift */; };
/* End PBXBuildFile section */

/* Begin PBXContainerItemProxy section */
		471B876B19697F7A0010A55F /* PBXContainerItemProxy */ = {
			isa = PBXContainerItemProxy;
			containerPortal = 471B875019697F7A0010A55F /* Project object */;
			proxyType = 1;
			remoteGlobalIDString = 471B875719697F7A0010A55F;
			remoteInfo = FirstGitProj;
		};
/* End PBXContainerItemProxy section */

/* Begin PBXFileReference section */
		471B875819697F7A0010A55F /* FirstGitProj.app */ = {isa = PBXFileReference; explicitFileType = wrapper.application; includeInIndex = 0; path = FirstGitProj.app; sourceTree = BUILT_PRODUCTS_DIR; };
		471B875C19697F7A0010A55F /* Info.plist */ = {isa = PBXFileReference; lastKnownFileType = text.plist.xml; path = Info.plist; sourceTree = "<group>"; };
		471B875D19697F7A0010A55F /* AppDelegate.swift */ = {isa = PBXFileReference; lastKnownFileType = sourcecode.swift; path = AppDelegate.swift; sourceTree = "<group>"; };
		471B875F19697F7A0010A55F /* ViewController.swift */ = {isa = PBXFileReference; lastKnownFileType = sourcecode.swift; path = ViewController.swift; sourceTree = "<group>"; };
		471B876219697F7A0010A55F /* Base */ = {isa = PBXFileReference; lastKnownFileType = file.storyboard; name = Base; path = Base.lproj/Main.storyboard; sourceTree = "<group>"; };
		471B876419697F7A0010A55F /* Images.xcassets */ = {isa = PBXFileReference; lastKnownFileType = folder.assetcatalog; path = Images.xcassets; sourceTree = "<group>"; };
		471B876A19697F7A0010A55F /* FirstGitProjTests.xctest */ = {isa = PBXFileReference; explicitFileType = wrapper.cfbundle; includeInIndex = 0; path = FirstGitProjTests.xctest; sourceTree = BUILT_PRODUCTS_DIR; };
		471B876F19697F7A0010A55F /* Info.plist */ = {isa = PBXFileReference; lastKnownFileType = text.plist.xml; path = Info.plist; sourceTree = "<group>"; };
		471B877019697F7A0010A55F /* FirstGitProjTests.swift */ = {isa = PBXFileReference; lastKnownFileType = sourcecode.swift; path = FirstGitProjTests.swift; sourceTree = "<group>"; };
/* End PBXFileReference section */

/* Begin PBXFrameworksBuildPhase section */
		471B875519697F7A0010A55F /* Frameworks */ = {
			isa = PBXFrameworksBuildPhase;
			buildActionMask = 2147483647;
			files = (
			);
			runOnlyForDeploymentPostprocessing = 0;
		};
		471B876719697F7A0010A55F /* Frameworks */ = {
			isa = PBXFrameworksBuildPhase;
			buildActionMask = 2147483647;
			files = (
			);
			runOnlyForDeploymentPostprocessing = 0;
		};
/* End PBXFrameworksBuildPhase section */

/* Begin PBXGroup section */
		471B874F19697F7A0010A55F = {
			isa = PBXGroup;
			children = (
				471B875A19697F7A0010A55F /* FirstGitProj */,
				471B876D19697F7A0010A55F /* FirstGitProjTests */,
				471B875919697F7A0010A55F /* Products */,
			);
			sourceTree = "<group>";
		};
		471B875919697F7A0010A55F /* Products */ = {
			isa = PBXGroup;
			children = (
				471B875819697F7A0010A55F /* FirstGitProj.app */,
				471B876A19697F7A0010A55F /* FirstGitProjTests.xctest */,
			);
			name = Products;
			sourceTree = "<group>";
		};
		471B875A19697F7A0010A55F /* FirstGitProj */ = {
			isa = PBXGroup;
			children = (
				471B875D19697F7A0010A55F /* AppDelegate.swift */,
				471B875F19697F7A0010A55F /* ViewController.swift */,
				471B876119697F7A0010A55F /* Main.storyboard */,
				471B876419697F7A0010A55F /* Images.xcassets */,
				471B875B19697F7A0010A55F /* Supporting Files */,
			);
			path = FirstGitProj;
			sourceTree = "<group>";
		};
		471B875B19697F7A0010A55F /* Supporting Files */ = {
			isa = PBXGroup;
			children = (
				471B875C19697F7A0010A55F /* Info.plist */,
			);
			name = "Supporting Files";
			sourceTree = "<group>";
		};
		471B876D19697F7A0010A55F /* FirstGitProjTests */ = {
			isa = PBXGroup;
			children = (
				471B877019697F7A0010A55F /* FirstGitProjTests.swift */,
				471B876E19697F7A0010A55F /* Supporting Files */,
			);
			path = FirstGitProjTests;
			sourceTree = "<group>";
		};
		471B876E19697F7A0010A55F /* Supporting Files */ = {
			isa = PBXGroup;
			children = (
				471B876F19697F7A0010A55F /* Info.plist */,
			);
			name = "Supporting Files";
			sourceTree = "<group>";
		};
/* End PBXGroup section */

/* Begin PBXNativeTarget section */
		471B875719697F7A0010A55F /* FirstGitProj */ = {
			isa = PBXNativeTarget;
			buildConfigurationList = 471B877419697F7A0010A55F /* Build configuration list for PBXNativeTarget "FirstGitProj" */;
			buildPhases = (
				471B875419697F7A0010A55F /* Sources */,
				471B875519697F7A0010A55F /* Frameworks */,
				471B875619697F7A0010A55F /* Resources */,
			);
			buildRules = (
			);
			dependencies = (
			);
			name = FirstGitProj;
			productName = FirstGitProj;
			productReference = 471B875819697F7A0010A55F /* FirstGitProj.app */;
			productType = "com.apple.product-type.application";
		};
		471B876919697F7A0010A55F /* FirstGitProjTests */ = {
			isa = PBXNativeTarget;
			buildConfigurationList = 471B877719697F7A0010A55F /* Build configuration list for PBXNativeTarget "FirstGitProjTests" */;
			buildPhases = (
				471B876619697F7A0010A55F /* Sources */,
				471B876719697F7A0010A55F /* Frameworks */,
				471B876819697F7A0010A55F /* Resources */,
			);
			buildRules = (
			);
			dependencies = (
				471B876C19697F7A0010A55F /* PBXTargetDependency */,
			);
			name = FirstGitProjTests;
			productName = FirstGitProjTests;
			productReference = 471B876A19697F7A0010A55F /* FirstGitProjTests.xctest */;
			productType = "com.apple.product-type.bundle.unit-test";
		};
/* End PBXNativeTarget section */

/* Begin PBXProject section */
		471B875019697F7A0010A55F /* Project object */ = {
			isa = PBXProject;
			attributes = {
				LastUpgradeCheck = 0600;
				ORGANIZATIONNAME = wubin;
				TargetAttributes = {
					471B875719697F7A0010A55F = {
						CreatedOnToolsVersion = 6.0;
					};
					471B876919697F7A0010A55F = {
						CreatedOnToolsVersion = 6.0;
						TestTargetID = 471B875719697F7A0010A55F;
					};
				};
			};
			buildConfigurationList = 471B875319697F7A0010A55F /* Build configuration list for PBXProject "FirstGitProj" */;
			compatibilityVersion = "Xcode 3.2";
			developmentRegion = English;
			hasScannedForEncodings = 0;
			knownRegions = (
				en,
				Base,
			);
			mainGroup = 471B874F19697F7A0010A55F;
			productRefGroup = 471B875919697F7A0010A55F /* Products */;
			projectDirPath = "";
			projectRoot = "";
			targets = (
				471B875719697F7A0010A55F /* FirstGitProj */,
				471B876919697F7A0010A55F /* FirstGitProjTests */,
			);
		};
/* End PBXProject section */

/* Begin PBXResourcesBuildPhase section */
		471B875619697F7A0010A55F /* Resources */ = {
			isa = PBXResourcesBuildPhase;
			buildActionMask = 2147483647;
			files = (
				471B876319697F7A0010A55F /* Main.storyboard in Resources */,
				471B876519697F7A0010A55F /* Images.xcassets in Resources */,
			);
			runOnlyForDeploymentPostprocessing = 0;
		};
		471B876819697F7A0010A55F /* Resources */ = {
			isa = PBXResourcesBuildPhase;
			buildActionMask = 2147483647;
			files = (
			);
			runOnlyForDeploymentPostprocessing = 0;
		};
/* End PBXResourcesBuildPhase section */

/* Begin PBXSourcesBuildPhase section */
		471B875419697F7A0010A55F /* Sources */ = {
			isa = PBXSourcesBuildPhase;
			buildActionMask = 2147483647;
			files = (
				471B876019697F7A0010A55F /* ViewController.swift in Sources */,
				471B875E19697F7A0010A55F /* AppDelegate.swift in Sources */,
			);
			runOnlyForDeploymentPostprocessing = 0;
		};
		471B876619697F7A0010A55F /* Sources */ = {
			isa = PBXSourcesBuildPhase;
			buildActionMask = 2147483647;
			files = (
				471B877119697F7A0010A55F /* FirstGitProjTests.swift in Sources */,
			);
			runOnlyForDeploymentPostprocessing = 0;
		};
/* End PBXSourcesBuildPhase section */

/* Begin PBXTargetDependency section */
		471B876C19697F7A0010A55F /* PBXTargetDependency */ = {
			isa = PBXTargetDependency;
			target = 471B875719697F7A0010A55F /* FirstGitProj */;
			targetProxy = 471B876B19697F7A0010A55F /* PBXContainerItemProxy */;
		};
/* End PBXTargetDependency section */

/* Begin PBXVariantGroup section */
		471B876119697F7A0010A55F /* Main.storyboard */ = {
			isa = PBXVariantGroup;
			children = (
				471B876219697F7A0010A55F /* Base */,
			);
			name = Main.storyboard;
			sourceTree = "<group>";
		};
/* End PBXVariantGroup section */

/* Begin XCBuildConfiguration section */
		471B877219697F7A0010A55F /* Debug */ = {
			isa = XCBuildConfiguration;
			buildSettings = {
				ALWAYS_SEARCH_USER_PATHS = NO;
				CLANG_CXX_LANGUAGE_STANDARD = "gnu++0x";
				CLANG_CXX_LIBRARY = "libc++";
				CLANG_ENABLE_MODULES = YES;
				CLANG_ENABLE_OBJC_ARC = YES;
				CLANG_WARN_BOOL_CONVERSION = YES;
				CLANG_WARN_CONSTANT_CONVERSION = YES;
				CLANG_WARN_DIRECT_OBJC_ISA_USAGE = YES_ERROR;
				CLANG_WARN_EMPTY_BODY = YES;
				CLANG_WARN_ENUM_CONVERSION = YES;
				CLANG_WARN_INT_CONVERSION = YES;
				CLANG_WARN_OBJC_ROOT_CLASS = YES_ERROR;
				CLANG_WARN_UNREACHABLE_CODE = YES;
				CLANG_WARN__DUPLICATE_METHOD_MATCH = YES;
				"CODE_SIGN_IDENTITY[sdk=iphoneos*]" = "iPhone Developer";
				COPY_PHASE_STRIP = NO;
				ENABLE_STRICT_OBJC_MSGSEND = YES;
				GCC_C_LANGUAGE_STANDARD = gnu99;
				GCC_DYNAMIC_NO_PIC = NO;
				GCC_OPTIMIZATION_LEVEL = 0;
				GCC_PREPROCESSOR_DEFINITIONS = (
					"DEBUG=1",
					"$(inherited)",
				);
				GCC_SYMBOLS_PRIVATE_EXTERN = NO;
				GCC_WARN_64_TO_32_BIT_CONVERSION = YES;
				GCC_WARN_ABOUT_RETURN_TYPE = YES_ERROR;
				GCC_WARN_UNDECLARED_SELECTOR = YES;
				GCC_WARN_UNINITIALIZED_AUTOS = YES_AGGRESSIVE;
				GCC_WARN_UNUSED_FUNCTION = YES;
				GCC_WARN_UNUSED_VARIABLE = YES;
				IPHONEOS_DEPLOYMENT_TARGET = 8.0;
				METAL_ENABLE_DEBUG_INFO = YES;
				ONLY_ACTIVE_ARCH = YES;
				SDKROOT = iphoneos;
				SWIFT_OPTIMIZATION_LEVEL = "-Onone";
			};
			name = Debug;
		};
		471B877319697F7A0010A55F /* Release */ = {
			isa = XCBuildConfiguration;
			buildSettings = {
				ALWAYS_SEARCH_USER_PATHS = NO;
				CLANG_CXX_LANGUAGE_STANDARD = "gnu++0x";
				CLANG_CXX_LIBRARY = "libc++";
				CLANG_ENABLE_MODULES = YES;
				CLANG_ENABLE_OBJC_ARC = YES;
				CLANG_WARN_BOOL_CONVERSION = YES;
				CLANG_WARN_CONSTANT_CONVERSION = YES;
				CLANG_WARN_DIRECT_OBJC_ISA_USAGE = YES_ERROR;
				CLANG_WARN_EMPTY_BODY = YES;
				CLANG_WARN_ENUM_CONVERSION = YES;
				CLANG_WARN_INT_CONVERSION = YES;
				CLANG_WARN_OBJC_ROOT_CLASS = YES_ERROR;
				CLANG_WARN_UNREACHABLE_CODE = YES;
				CLANG_WARN__DUPLICATE_METHOD_MATCH = YES;
				"CODE_SIGN_IDENTITY[sdk=iphoneos*]" = "iPhone Developer";
				COPY_PHASE_STRIP = YES;
				ENABLE_NS_ASSERTIONS = NO;
				ENABLE_STRICT_OBJC_MSGSEND = YES;
				GCC_C_LANGUAGE_STANDARD = gnu99;
				GCC_WARN_64_TO_32_BIT_CONVERSION = YES;
				GCC_WARN_ABOUT_RETURN_TYPE = YES_ERROR;
				GCC_WARN_UNDECLARED_SELECTOR = YES;
				GCC_WARN_UNINITIALIZED_AUTOS = YES_AGGRESSIVE;
				GCC_WARN_UNUSED_FUNCTION = YES;
				GCC_WARN_UNUSED_VARIABLE = YES;
				IPHONEOS_DEPLOYMENT_TARGET = 8.0;
				METAL_ENABLE_DEBUG_INFO = NO;
				SDKROOT = iphoneos;
				VALIDATE_PRODUCT = YES;
			};
			name = Release;
		};
		471B877519697F7A0010A55F /* Debug */ = {
			isa = XCBuildConfiguration;
			buildSettings = {
				ASSETCATALOG_COMPILER_APPICON_NAME = AppIcon;
				ASSETCATALOG_COMPILER_LAUNCHIMAGE_NAME = LaunchImage;
				INFOPLIST_FILE = FirstGitProj/Info.plist;
				LD_RUNPATH_SEARCH_PATHS = "$(inherited) @executable_path/Frameworks";
				PRODUCT_NAME = "$(TARGET_NAME)";
			};
			name = Debug;
		};
		471B877619697F7A0010A55F /* Release */ = {
			isa = XCBuildConfiguration;
			buildSettings = {
				ASSETCATALOG_COMPILER_APPICON_NAME = AppIcon;
				ASSETCATALOG_COMPILER_LAUNCHIMAGE_NAME = LaunchImage;
				INFOPLIST_FILE = FirstGitProj/Info.plist;
				LD_RUNPATH_SEARCH_PATHS = "$(inherited) @executable_path/Frameworks";
				PRODUCT_NAME = "$(TARGET_NAME)";
			};
			name = Release;
		};
		471B877819697F7A0010A55F /* Debug */ = {
			isa = XCBuildConfiguration;
			buildSettings = {
				BUNDLE_LOADER = "$(BUILT_PRODUCTS_DIR)/FirstGitProj.app/FirstGitProj";
				FRAMEWORK_SEARCH_PATHS = (
					"$(SDKROOT)/Developer/Library/Frameworks",
					"$(inherited)",
				);
				GCC_PREPROCESSOR_DEFINITIONS = (
					"DEBUG=1",
					"$(inherited)",
				);
				INFOPLIST_FILE = FirstGitProjTests/Info.plist;
				LD_RUNPATH_SEARCH_PATHS = "$(inherited) @executable_path/Frameworks @loader_path/Frameworks";
				METAL_ENABLE_DEBUG_INFO = YES;
				PRODUCT_NAME = "$(TARGET_NAME)";
				TEST_HOST = "$(BUNDLE_LOADER)";
			};
			name = Debug;
		};
		471B877919697F7A0010A55F /* Release */ = {
			isa = XCBuildConfiguration;
			buildSettings = {
				BUNDLE_LOADER = "$(BUILT_PRODUCTS_DIR)/FirstGitProj.app/FirstGitProj";
				FRAMEWORK_SEARCH_PATHS = (
					"$(SDKROOT)/Developer/Library/Frameworks",
					"$(inherited)",
				);
				INFOPLIST_FILE = FirstGitProjTests/Info.plist;
				LD_RUNPATH_SEARCH_PATHS = "$(inherited) @executable_path/Frameworks @loader_path/Frameworks";
				METAL_ENABLE_DEBUG_INFO = NO;
				PRODUCT_NAME = "$(TARGET_NAME)";
				TEST_HOST = "$(BUNDLE_LOADER)";
			};
			name = Release;
		};
/* End XCBuildConfiguration section */

/* Begin XCConfigurationList section */
		471B875319697F7A0010A55F /* Build configuration list for PBXProject "FirstGitProj" */ = {
			isa = XCConfigurationList;
			buildConfigurations = (
				471B877219697F7A0010A55F /* Debug */,
				471B877319697F7A0010A55F /* Release */,
			);
			defaultConfigurationIsVisible = 0;
			defaultConfigurationName = Release;
		};
		471B877419697F7A0010A55F /* Build configuration list for PBXNativeTarget "FirstGitProj" */ = {
			isa = XCConfigurationList;
			buildConfigurations = (
				471B877519697F7A0010A55F /* Debug */,
				471B877619697F7A0010A55F /* Release */,
			);
			defaultConfigurationIsVisible = 0;
		};
		471B877719697F7A0010A55F /* Build configuration list for PBXNativeTarget "FirstGitProjTests" */ = {
			isa = XCConfigurationList;
			buildConfigurations = (
				471B877819697F7A0010A55F /* Debug */,
				471B877919697F7A0010A55F /* Release */,
			);
			defaultConfigurationIsVisible = 0;
		};
/* End XCConfigurationList section */
	};
	rootObject = 471B875019697F7A0010A55F /* Project object */;
}
